
Microsoft Visual Studio Solution File, Format Version 12.00
# Visual Studio Version 17
VisualStudioVersion = 17.1.32210.238
MinimumVisualStudioVersion = 10.0.40219.1
Project("{FAE04EC0-301F-11D3-BF4B-00C04F79EFBC}") = "canvia.WebAPI", "canvia.WebAPI\canvia.WebAPI.csproj", "{B8D9D7CE-BE18-4CC2-97D1-D385C93974E2}"
EndProject
Project("{FAE04EC0-301F-11D3-BF4B-00C04F79EFBC}") = "canvia.Entity", "canvia.Entity\canvia.Entity.csproj", "{0CCEFDC0-A292-475F-AF6E-03CF9F15E59F}"
EndProject
Global
	GlobalSection(SolutionConfigurationPlatforms) = preSolution
		Debug|Any CPU = Debug|Any CPU
		Release|Any CPU = Release|Any CPU
	EndGlobalSection
	GlobalSection(ProjectConfigurationPlatforms) = postSolution
		{B8D9D7CE-BE18-4CC2-97D1-D385C93974E2}.Debug|Any CPU.ActiveCfg = Debug|Any CPU
		{B8D9D7CE-BE18-4CC2-97D1-D385C93974E2}.Debug|Any CPU.Build.0 = Debug|Any CPU
		{B8D9D7CE-BE18-4CC2-97D1-D385C93974E2}.Release|Any CPU.ActiveCfg = Release|Any CPU
		{B8D9D7CE-BE18-4CC2-97D1-D385C93974E2}.Release|Any CPU.Build.0 = Release|Any CPU
		{0CCEFDC0-A292-475F-AF6E-03CF9F15E59F}.Debug|Any CPU.ActiveCfg = Debug|Any CPU
		{0CCEFDC0-A292-475F-AF6E-03CF9F15E59F}.Debug|Any CPU.Build.0 = Debug|Any CPU
		{0CCEFDC0-A292-475F-AF6E-03CF9F15E59F}.Release|Any CPU.ActiveCfg = Release|Any CPU
		{0CCEFDC0-A292-475F-AF6E-03CF9F15E59F}.Release|Any CPU.Build.0 = Release|Any CPU
	EndGlobalSection
	GlobalSection(SolutionProperties) = preSolution
		HideSolutionNode = FALSE
	EndGlobalSection
	GlobalSection(ExtensibilityGlobals) = postSolution
		SolutionGuid = {0189D2B1-2958-4803-AABE-4B1F4003E8F5}
	EndGlobalSection
EndGlobal
